
Microsoft Visual Studio Solution File, Format Version 12.00
# Visual Studio Version 17
VisualStudioVersion = 17.3.32804.467
MinimumVisualStudioVersion = 10.0.40219.1
Project("{FAE04EC0-301F-11D3-BF4B-00C04F79EFBC}") = "WebBank", "WebBank\WebBank.csproj", "{8709E6AD-B9C2-4C32-8A51-82ED8F2D3F1A}"
EndProject
Global
	GlobalSection(SolutionConfigurationPlatforms) = preSolution
		Debug|Any CPU = Debug|Any CPU
		Release|Any CPU = Release|Any CPU
	EndGlobalSection
	GlobalSection(ProjectConfigurationPlatforms) = postSolution
		{8709E6AD-B9C2-4C32-8A51-82ED8F2D3F1A}.Debug|Any CPU.ActiveCfg = Debug|Any CPU
		{8709E6AD-B9C2-4C32-8A51-82ED8F2D3F1A}.Debug|Any CPU.Build.0 = Debug|Any CPU
		{8709E6AD-B9C2-4C32-8A51-82ED8F2D3F1A}.Release|Any CPU.ActiveCfg = Release|Any CPU
		{8709E6AD-B9C2-4C32-8A51-82ED8F2D3F1A}.Release|Any CPU.Build.0 = Release|Any CPU
	EndGlobalSection
	GlobalSection(SolutionProperties) = preSolution
		HideSolutionNode = FALSE
	EndGlobalSection
	GlobalSection(ExtensibilityGlobals) = postSolution
		SolutionGuid = {83B9A381-0BCD-47A4-9A9D-32A49B38DC42}
	EndGlobalSection
EndGlobal
